<?xml version="1.0" encoding="utf-8"?>
<Project ToolsVersion="4.0" xmlns="http://schemas.microsoft.com/developer/msbuild/2003">
  <ItemGroup>
    <ClCompile Include="Source\Main.cpp" />
    <ClCompile Include="Source\App.cpp" />
    <ClCompile Include="Source\Input.cpp">
      <Filter>Modules</Filter>
    </ClCompile>
    <ClCompile Include="Source\Audio.cpp">
      <Filter>Modules</Filter>
    </ClCompile>
    <ClCompile Include="Source\DialogueTree.cpp">
      <Filter>Modules</Filter>
    </ClCompile>
    <ClCompile Include="Source\EntityManager.cpp">
      <Filter>Entities</Filter>
    </ClCompile>
    <ClCompile Include="Source\GuiCheckBox.cpp">
      <Filter>GUI</Filter>
    </ClCompile>
    <ClCompile Include="Source\GuiControlButton.cpp">
      <Filter>GUI</Filter>
    </ClCompile>
    <ClCompile Include="Source\GuiManager.cpp">
      <Filter>GUI</Filter>
    </ClCompile>
    <ClCompile Include="Source\GuiSlider.cpp">
      <Filter>GUI</Filter>
    </ClCompile>
    <ClCompile Include="Source\Log.cpp">
      <Filter>Tools</Filter>
    </ClCompile>
    <ClCompile Include="Source\Map.cpp">
      <Filter>Modules</Filter>
    </ClCompile>
    <ClCompile Include="Source\GamePause.cpp">
      <Filter>Scenes</Filter>
    </ClCompile>
    <ClCompile Include="Source\Level1.cpp">
      <Filter>Scenes</Filter>
    </ClCompile>
    <ClCompile Include="Source\Menu.cpp">
      <Filter>Scenes</Filter>
    </ClCompile>
    <ClCompile Include="Source\Pathfinding.cpp">
      <Filter>Modules</Filter>
    </ClCompile>
    <ClCompile Include="Source\PerfTimer.cpp">
      <Filter>Tools</Filter>
    </ClCompile>
    <ClCompile Include="Source\External\PugiXml\src\pugixml.cpp">
      <Filter>Tools</Filter>
    </ClCompile>
    <ClCompile Include="Source\Timer.cpp">
      <Filter>Tools</Filter>
    </ClCompile>
    <ClCompile Include="Source\Window.cpp">
      <Filter>Modules</Filter>
    </ClCompile>
    <ClCompile Include="Source\Textures.cpp">
      <Filter>Modules</Filter>
    </ClCompile>
    <ClCompile Include="Source\Render.cpp">
      <Filter>Modules</Filter>
    </ClCompile>
    <ClCompile Include="Source\Settings.cpp">
      <Filter>Scenes</Filter>
    </ClCompile>
    <ClCompile Include="Source\SceneManager.cpp">
      <Filter>Scenes</Filter>
    </ClCompile>
    <ClCompile Include="Source\Intro.cpp">
      <Filter>Scenes</Filter>
    </ClCompile>
    <ClCompile Include="Source\Enemy.cpp">
      <Filter>Entities\Enemy</Filter>
    </ClCompile>
    <ClCompile Include="Source\Bandit.cpp">
      <Filter>Entities\Enemy</Filter>
    </ClCompile>
    <ClCompile Include="Source\Character.cpp">
      <Filter>Entities</Filter>
    </ClCompile>
    <ClCompile Include="Source\Player.cpp">
      <Filter>Entities\Party</Filter>
    </ClCompile>
    <ClCompile Include="Source\Zhaak.cpp">
      <Filter>Entities\Party</Filter>
    </ClCompile>
    <ClCompile Include="Source\Amir.cpp">
      <Filter>Entities\Party</Filter>
    <ClCompile Include="Source\Item.cpp">
      <Filter>Entities\Items</Filter>
    </ClCompile>
    <ClCompile Include="Source\Weapon.cpp">
      <Filter>Entities\Items</Filter>
    </ClCompile>
    <ClCompile Include="Source\Armor.cpp">
      <Filter>Entities\Items</Filter>
    </ClCompile>
    <ClCompile Include="Source\Accessory.cpp">
      <Filter>Entities\Items</Filter>
    </ClCompile>
  </ItemGroup>
  <ItemGroup>
    <ClInclude Include="Source\App.h" />
    <ClInclude Include="Source\Input.h">
      <Filter>Modules</Filter>
    </ClInclude>
    <ClInclude Include="Source\Audio.h">
      <Filter>Modules</Filter>
    </ClInclude>
    <ClInclude Include="Source\Defs.h">
      <Filter>Tools</Filter>
    </ClInclude>
    <ClInclude Include="Source\DialogueTree.h">
      <Filter>Modules</Filter>
    </ClInclude>
    <ClInclude Include="Source\DynArray.h">
      <Filter>Tools</Filter>
    </ClInclude>
    <ClInclude Include="Source\Entity.h">
      <Filter>Entities</Filter>
    </ClInclude>
    <ClInclude Include="Source\EntityManager.h">
      <Filter>Entities</Filter>
    </ClInclude>
    <ClInclude Include="Source\GuiCheckBox.h">
      <Filter>GUI</Filter>
    </ClInclude>
    <ClInclude Include="Source\GuiControl.h">
      <Filter>GUI</Filter>
    </ClInclude>
    <ClInclude Include="Source\GuiControlButton.h">
      <Filter>GUI</Filter>
    </ClInclude>
    <ClInclude Include="Source\GuiManager.h">
      <Filter>GUI</Filter>
    </ClInclude>
    <ClInclude Include="Source\GuiSlider.h">
      <Filter>GUI</Filter>
    </ClInclude>
    <ClInclude Include="Source\List.h">
      <Filter>Tools</Filter>
    </ClInclude>
    <ClInclude Include="Source\Log.h">
      <Filter>Tools</Filter>
    </ClInclude>
    <ClInclude Include="Source\Map.h">
      <Filter>Modules</Filter>
    </ClInclude>
    <ClInclude Include="Source\GamePause.h">
      <Filter>Scenes</Filter>
    </ClInclude>
    <ClInclude Include="Source\Level1.h">
      <Filter>Scenes</Filter>
    </ClInclude>
    <ClInclude Include="Source\Menu.h">
      <Filter>Scenes</Filter>
    </ClInclude>
    <ClInclude Include="Source\Module.h">
      <Filter>Modules</Filter>
    </ClInclude>
    <ClInclude Include="Source\Pathfinding.h">
      <Filter>Modules</Filter>
    </ClInclude>
    <ClInclude Include="Source\PerfTimer.h">
      <Filter>Tools</Filter>
    </ClInclude>
    <ClInclude Include="Source\Point.h">
      <Filter>Tools</Filter>
    </ClInclude>
    <ClInclude Include="Source\PQueue.h">
      <Filter>Tools</Filter>
    </ClInclude>
    <ClInclude Include="Source\External\PugiXml\src\pugiconfig.hpp">
      <Filter>Tools</Filter>
    </ClInclude>
    <ClInclude Include="Source\External\PugiXml\src\pugixml.hpp">
      <Filter>Tools</Filter>
    </ClInclude>
    <ClInclude Include="Source\Queue.h">
      <Filter>Tools</Filter>
    </ClInclude>
    <ClInclude Include="Source\Timer.h">
      <Filter>Tools</Filter>
    </ClInclude>
    <ClInclude Include="Source\SString.h">
      <Filter>Tools</Filter>
    </ClInclude>
    <ClInclude Include="Source\Window.h">
      <Filter>Modules</Filter>
    </ClInclude>
    <ClInclude Include="Source\Textures.h">
      <Filter>Modules</Filter>
    </ClInclude>
    <ClInclude Include="Source\Render.h">
      <Filter>Modules</Filter>
    </ClInclude>
    <ClInclude Include="Source\Scene.h">
      <Filter>Scenes</Filter>
    </ClInclude>
    <ClInclude Include="Source\Settings.h">
      <Filter>Scenes</Filter>
    </ClInclude>
    <ClInclude Include="Source\SceneManager.h">
      <Filter>Scenes</Filter>
    </ClInclude>
    <ClInclude Include="Source\Intro.h">
      <Filter>Scenes</Filter>
    </ClInclude>
    <ClInclude Include="Source\Enemy.h">
      <Filter>Entities\Enemy</Filter>
    </ClInclude>
    <ClInclude Include="Source\Bandit.h">
      <Filter>Entities\Enemy</Filter>
    </ClInclude>
    <ClInclude Include="Source\Character.h">
      <Filter>Entities</Filter>
    </ClInclude>
    <ClInclude Include="Source\Player.h">
      <Filter>Entities\Party</Filter>
    </ClInclude>
    <ClInclude Include="Source\Zhaak.h">
      <Filter>Entities\Party</Filter>
    </ClInclude>
    <ClInclude Include="Source\Amir.h">
      <Filter>Entities\Party</Filter>
    <ClInclude Include="Source\Item.h">
      <Filter>Entities\Items</Filter>
    </ClInclude>
    <ClInclude Include="Source\Weapon.h">
      <Filter>Entities\Items</Filter>
    </ClInclude>
    <ClInclude Include="Source\Armor.h">
      <Filter>Entities\Items</Filter>
    </ClInclude>
    <ClInclude Include="Source\Accessory.h">
      <Filter>Entities\Items</Filter>
    </ClInclude>
  </ItemGroup>
  <ItemGroup>
    <Filter Include="Modules">
      <UniqueIdentifier>{2c261529-5308-47c4-a00a-b95f52c4e639}</UniqueIdentifier>
    </Filter>
    <Filter Include="GUI">
      <UniqueIdentifier>{880f46ab-bfd9-44fa-88f7-cf46817f51aa}</UniqueIdentifier>
    </Filter>
    <Filter Include="Entities">
      <UniqueIdentifier>{9b899eb1-50d7-40cb-810e-30d1f8e90e4b}</UniqueIdentifier>
    </Filter>
    <Filter Include="Tools">
      <UniqueIdentifier>{ba35ce46-ccb8-4998-9e43-dc34615dea7c}</UniqueIdentifier>
    </Filter>
    <Filter Include="Scenes">
      <UniqueIdentifier>{6e3fbc9a-9c53-4375-ade6-2c946fae70e8}</UniqueIdentifier>
    </Filter>
    <Filter Include="Entities\Enemy">
      <UniqueIdentifier>{1e6fe5d9-4dd3-4d43-bd7f-7c14c2497010}</UniqueIdentifier>
    </Filter>
    <Filter Include="Entities\Party">
      <UniqueIdentifier>{73fe4def-130b-45a3-8166-d0d143a3109c}</UniqueIdentifier>
    <Filter Include="Entities\Items">
      <UniqueIdentifier>{8e9bdc06-e47a-46cb-88ef-4f2f0d7a8bc7}</UniqueIdentifier>
    </Filter>
  </ItemGroup>
</Project>