<?xml version="1.0" encoding="utf-8"?>
<Project ToolsVersion="4.0" xmlns="http://schemas.microsoft.com/developer/msbuild/2003">
  <ItemGroup>
    <ClCompile Include="Source\Amir.cpp" />
    <ClCompile Include="Source\Accessory.cpp" />
    <ClCompile Include="Source\Armor.cpp" />
    <ClCompile Include="Source\Bandit.cpp" />
    <ClCompile Include="Source\Character.cpp" />
    <ClCompile Include="Source\DialogueTree.cpp" />
    <ClCompile Include="Source\Enemy.cpp" />
    <ClCompile Include="Source\EntityManager.cpp" />
    <ClCompile Include="Source\GamePause.cpp" />
    <ClCompile Include="Source\GuiCheckBox.cpp" />
    <ClCompile Include="Source\GuiControlButton.cpp" />
    <ClCompile Include="Source\GuiManager.cpp" />
    <ClCompile Include="Source\GuiSlider.cpp" />
    <ClCompile Include="Source\Item.cpp" />
    <ClCompile Include="Source\Level1.cpp" />
    <ClCompile Include="Source\Main.cpp" />
    <ClCompile Include="Source\App.cpp" />
    <ClCompile Include="Source\Audio.cpp" />
    <ClCompile Include="Source\Input.cpp" />
    <ClCompile Include="Source\Map.cpp" />
    <ClCompile Include="Source\Menu.cpp" />
    <ClCompile Include="Source\Pathfinding.cpp" />
    <ClCompile Include="Source\PerfTimer.cpp" />
    <ClCompile Include="Source\Player.cpp" />
    <ClCompile Include="Source\Render.cpp" />
    <ClCompile Include="Source\Intro.cpp" />
    <ClCompile Include="Source\SceneManager.cpp" />
    <ClCompile Include="Source\Settings.cpp" />
    <ClCompile Include="Source\Textures.cpp" />
    <ClCompile Include="Source\Timer.cpp" />
    <ClCompile Include="Source\Weapon.cpp" />
    <ClCompile Include="Source\Window.cpp" />
    <ClCompile Include="Source\Zhaak.cpp" />
    <ClCompile Include="Source\Log.cpp" />
    <ClCompile Include="Source\External\PugiXml\src\pugixml.cpp" />
    <ClCompile Include="Source\Level2.cpp" />
    <ClCompile Include="Source\BattleManager.cpp" />
    <ClCompile Include="Source\Eli.cpp" />
    <ClCompile Include="Source\NPC.cpp" />
    <ClCompile Include="Source\Drunkard.cpp" />
    <ClCompile Include="Source\Level3.cpp" />
    <ClCompile Include="Source\Level4.cpp" />
    <ClCompile Include="Source\GameTitle.cpp" />
  </ItemGroup>
  <ItemGroup>
    <ClInclude Include="Source\Amir.h" />
    <ClInclude Include="Source\Accessory.h" />
    <ClInclude Include="Source\Armor.h" />
    <ClInclude Include="Source\Bandit.h" />
    <ClInclude Include="Source\Character.h" />
    <ClInclude Include="Source\DialogueTree.h" />
    <ClInclude Include="Source\Enemy.h" />
    <ClInclude Include="Source\Entity.h" />
    <ClInclude Include="Source\EntityManager.h" />
    <ClInclude Include="Source\GamePause.h" />
    <ClInclude Include="Source\GuiCheckBox.h" />
    <ClInclude Include="Source\GuiControl.h" />
    <ClInclude Include="Source\GuiControlButton.h" />
    <ClInclude Include="Source\GuiManager.h" />
    <ClInclude Include="Source\GuiSlider.h" />
    <ClInclude Include="Source\Item.h" />
    <ClInclude Include="Source\Level1.h" />
    <ClInclude Include="Source\Map.h" />
    <ClInclude Include="Source\Menu.h" />
    <ClInclude Include="Source\Pathfinding.h" />
    <ClInclude Include="Source\PerfTimer.h" />
    <ClInclude Include="Source\Player.h" />
    <ClInclude Include="Source\PQueue.h" />
    <ClInclude Include="Source\Queue.h" />
    <ClInclude Include="Source\Audio.h" />
    <ClInclude Include="Source\Input.h" />
    <ClInclude Include="Source\App.h" />
    <ClInclude Include="Source\Module.h" />
    <ClInclude Include="Source\Render.h" />
    <ClInclude Include="Source\Scene.h" />
    <ClInclude Include="Source\Intro.h" />
    <ClInclude Include="Source\SceneManager.h" />
    <ClInclude Include="Source\Settings.h" />
    <ClInclude Include="Source\Textures.h" />
    <ClInclude Include="Source\Timer.h" />
    <ClInclude Include="Source\Weapon.h" />
    <ClInclude Include="Source\Window.h" />
    <ClInclude Include="Source\Defs.h" />
    <ClInclude Include="Source\List.h" />
    <ClInclude Include="Source\Log.h" />
    <ClInclude Include="Source\Point.h" />
    <ClInclude Include="Source\SString.h" />
    <ClInclude Include="Source\DynArray.h" />
    <ClInclude Include="Source\External\PugiXml\src\pugiconfig.hpp" />
    <ClInclude Include="Source\External\PugiXml\src\pugixml.hpp" />
    <ClInclude Include="Source\Zhaak.h" />
    <ClInclude Include="Source\Level2.h" />
    <ClInclude Include="Source\BattleManager.h" />
    <ClInclude Include="Source\Eli.h" />
    <ClInclude Include="Source\Animation.h" />
    <ClInclude Include="Source\NPC.h" />
    <ClInclude Include="Source\Drunkard.h" />
    <ClInclude Include="Source\Level3.h" />
    <ClInclude Include="Source\Level4.h" />
    <ClInclude Include="Source\GameTitle.h" />
  </ItemGroup>
</Project>